
Microsoft Visual Studio Solution File, Format Version 12.00
# Visual Studio Version 17
VisualStudioVersion = 17.6.33723.286
MinimumVisualStudioVersion = 10.0.40219.1
Project("{FAE04EC0-301F-11D3-BF4B-00C04F79EFBC}") = "VideoToSM", "VideoToSM\VideoToSM.csproj", "{3E5C7482-F3E0-462F-8315-62F2F1F9D62D}"
EndProject
Global
	GlobalSection(SolutionConfigurationPlatforms) = preSolution
		Debug|Any CPU = Debug|Any CPU
		Release|Any CPU = Release|Any CPU
	EndGlobalSection
	GlobalSection(ProjectConfigurationPlatforms) = postSolution
		{3E5C7482-F3E0-462F-8315-62F2F1F9D62D}.Debug|Any CPU.ActiveCfg = Debug|Any CPU
		{3E5C7482-F3E0-462F-8315-62F2F1F9D62D}.Debug|Any CPU.Build.0 = Debug|Any CPU
		{3E5C7482-F3E0-462F-8315-62F2F1F9D62D}.Release|Any CPU.ActiveCfg = Release|Any CPU
		{3E5C7482-F3E0-462F-8315-62F2F1F9D62D}.Release|Any CPU.Build.0 = Release|Any CPU
	EndGlobalSection
	GlobalSection(SolutionProperties) = preSolution
		HideSolutionNode = FALSE
	EndGlobalSection
	GlobalSection(ExtensibilityGlobals) = postSolution
		SolutionGuid = {FB0BC190-4F92-4D9F-AB1E-8375B68BD5DE}
	EndGlobalSection
EndGlobal
